
Microsoft Visual Studio Solution File, Format Version 12.00
# Visual Studio Version 17
VisualStudioVersion = 17.0.31903.59
MinimumVisualStudioVersion = 10.0.40219.1
Project("{FAE04EC0-301F-11D3-BF4B-00C04F79EFBC}") = "TimeApi", "TimeApi\TimeApi.csproj", "{D9383968-43A5-4648-A069-A984A2BA7FBE}"
EndProject
Project("{FAE04EC0-301F-11D3-BF4B-00C04F79EFBC}") = "TimeApi.Tests", "TimeApi.Tests\TimeApi.Tests.csproj", "{60426266-D995-4B19-9011-E6710F9000A1}"
EndProject
Global
	GlobalSection(SolutionConfigurationPlatforms) = preSolution
		Debug|Any CPU = Debug|Any CPU
		Release|Any CPU = Release|Any CPU
	EndGlobalSection
	GlobalSection(SolutionProperties) = preSolution
		HideSolutionNode = FALSE
	EndGlobalSection
	GlobalSection(ProjectConfigurationPlatforms) = postSolution
		{D9383968-43A5-4648-A069-A984A2BA7FBE}.Debug|Any CPU.ActiveCfg = Debug|Any CPU
		{D9383968-43A5-4648-A069-A984A2BA7FBE}.Debug|Any CPU.Build.0 = Debug|Any CPU
		{D9383968-43A5-4648-A069-A984A2BA7FBE}.Release|Any CPU.ActiveCfg = Release|Any CPU
		{D9383968-43A5-4648-A069-A984A2BA7FBE}.Release|Any CPU.Build.0 = Release|Any CPU
		{60426266-D995-4B19-9011-E6710F9000A1}.Debug|Any CPU.ActiveCfg = Debug|Any CPU
		{60426266-D995-4B19-9011-E6710F9000A1}.Debug|Any CPU.Build.0 = Debug|Any CPU
		{60426266-D995-4B19-9011-E6710F9000A1}.Release|Any CPU.ActiveCfg = Release|Any CPU
		{60426266-D995-4B19-9011-E6710F9000A1}.Release|Any CPU.Build.0 = Release|Any CPU
	EndGlobalSection
EndGlobal
